PODS:
  - SDWebImage (5.14.0):
    - SDWebImage/Core (= 5.14.0)
  - SDWebImage/Core (5.14.0)
  - SwiftLint (0.42.0)

DEPENDENCIES:
  - SDWebImage (~> 5.0)
  - SwiftLint (from `https://github.com/realm/SwiftLint.git`, tag `0.42.0`)

SPEC REPOS:
  trunk:
    - SDWebImage

EXTERNAL SOURCES:
  SwiftLint:
    :git: https://github.com/realm/SwiftLint.git
    :tag: 0.42.0

CHECKOUT OPTIONS:
  SwiftLint:
    :git: https://github.com/realm/SwiftLint.git
    :tag: 0.42.0

SPEC CHECKSUMS:
  SDWebImage: 9e391cf38577742f501055dca17e4987f6713fe1
  SwiftLint: 4fa9579c63416865179bc416f0a92d55f009600d

PODFILE CHECKSUM: 11578d0c00a7363caa796fa670a93fc16b922d34

COCOAPODS: 1.11.3
